
Microsoft Visual Studio Solution File, Format Version 12.00
# Visual Studio Version 17
VisualStudioVersion = 17.7.34031.279
MinimumVisualStudioVersion = 10.0.40219.1
Project("{FAE04EC0-301F-11D3-BF4B-00C04F79EFBC}") = "BANKING SYSTEM", "BANKING SYSTEM.csproj", "{520910DA-23A0-4F39-922D-EE8FBCBC9872}"
EndProject
Global
	GlobalSection(SolutionConfigurationPlatforms) = preSolution
		Debug|Any CPU = Debug|Any CPU
		Release|Any CPU = Release|Any CPU
	EndGlobalSection
	GlobalSection(ProjectConfigurationPlatforms) = postSolution
		{520910DA-23A0-4F39-922D-EE8FBCBC9872}.Debug|Any CPU.ActiveCfg = Debug|Any CPU
		{520910DA-23A0-4F39-922D-EE8FBCBC9872}.Debug|Any CPU.Build.0 = Debug|Any CPU
		{520910DA-23A0-4F39-922D-EE8FBCBC9872}.Release|Any CPU.ActiveCfg = Release|Any CPU
		{520910DA-23A0-4F39-922D-EE8FBCBC9872}.Release|Any CPU.Build.0 = Release|Any CPU
	EndGlobalSection
	GlobalSection(SolutionProperties) = preSolution
		HideSolutionNode = FALSE
	EndGlobalSection
	GlobalSection(ExtensibilityGlobals) = postSolution
		SolutionGuid = {0AAC3C6C-DB1D-44D1-9C9C-DE4736A8482C}
	EndGlobalSection
EndGlobal
